dependencies:
- name: episilia-log-indexer
  repository: file://../episilia-log-indexer
  version: 3.0.0
- name: episilia-search
  repository: file://../episilia-search
  version: 3.0.0
- name: episilia-search-fixed
  repository: file://../episilia-search-fixed
  version: 3.0.0
- name: episilia-search-ondemand
  repository: file://../episilia-search-ondemand
  version: 3.0.0
- name: episilia-log-indexer-opt
  repository: file://../episilia-log-indexer-opt
  version: 3.0.0
- name: episilia-log-indexer-s3
  repository: file://../episilia-log-indexer-s3
  version: 3.0.0
- name: episilia-spike-ui
  repository: file://../episilia-spike-ui
  version: 3.0.0
- name: episilia-gateway
  repository: file://../episilia-gateway
  version: 3.0.0
- name: redpanda
  repository: file://../redpanda
  version: 0.1.10
digest: sha256:c655672c82f11fdee117a8106aa32b86c98f9e4084ae233e42aa18eac189bcd1
generated: "2024-08-02T18:15:30.967588705+05:30"
